
Microsoft Visual Studio Solution File, Format Version 12.00
# Visual Studio 2013
VisualStudioVersion = 12.0.30110.0
MinimumVisualStudioVersion = 10.0.40219.1
Project("{FAE04EC0-301F-11D3-BF4B-00C04F79EFBC}") = "OpenWeatherMap", "OpenWeatherMap\OpenWeatherMap.csproj", "{8069FC89-87EB-4849-AA1E-2679D660A165}"
EndProject
Project("{FAE04EC0-301F-11D3-BF4B-00C04F79EFBC}") = "OpenWeatherMap.Tests", "OpenWeatherMap.Tests\OpenWeatherMap.Tests.csproj", "{515E3C1F-2343-473A-827D-9E743A2269AF}"
EndProject
Project("{2150E333-8FDC-42A3-9474-1A3956D46DE8}") = ".nuget", ".nuget", "{650C0608-FB2E-42B3-9C8F-D77B54447885}"
	ProjectSection(SolutionItems) = preProject
		.nuget\NuGet.Config = .nuget\NuGet.Config
		.nuget\NuGet.exe = .nuget\NuGet.exe
		.nuget\NuGet.targets = .nuget\NuGet.targets
	EndProjectSection
EndProject
Project("{2150E333-8FDC-42A3-9474-1A3956D46DE8}") = "NET 4.5", "NET 4.5", "{A162F443-A3A8-46BA-92D0-09FF48005C30}"
EndProject
Project("{FAE04EC0-301F-11D3-BF4B-00C04F79EFBC}") = "OpenWeatherMap.Net45", "OpenWeatherMap.Net45\OpenWeatherMap.Net45.csproj", "{2B0E4BAD-7158-4528-AD34-59CC2C109EE0}"
EndProject
Project("{FAE04EC0-301F-11D3-BF4B-00C04F79EFBC}") = "OpenWeatherMap.Net45.Tests", "OpenWeatherMap.Net45.Tests\OpenWeatherMap.Net45.Tests.csproj", "{2945EA1A-7F71-4859-8A45-0DA2D2EDFB8A}"
EndProject
Project("{2150E333-8FDC-42A3-9474-1A3956D46DE8}") = "Portable", "Portable", "{ABBE39B0-B3C2-4EF8-AE28-852623FB891C}"
EndProject
Global
	GlobalSection(SolutionConfigurationPlatforms) = preSolution
		Debug|Any CPU = Debug|Any CPU
		Release|Any CPU = Release|Any CPU
	EndGlobalSection
	GlobalSection(ProjectConfigurationPlatforms) = postSolution
		{8069FC89-87EB-4849-AA1E-2679D660A165}.Debug|Any CPU.ActiveCfg = Debug|Any CPU
		{8069FC89-87EB-4849-AA1E-2679D660A165}.Debug|Any CPU.Build.0 = Debug|Any CPU
		{8069FC89-87EB-4849-AA1E-2679D660A165}.Release|Any CPU.ActiveCfg = Release|Any CPU
		{8069FC89-87EB-4849-AA1E-2679D660A165}.Release|Any CPU.Build.0 = Release|Any CPU
		{515E3C1F-2343-473A-827D-9E743A2269AF}.Debug|Any CPU.ActiveCfg = Debug|Any CPU
		{515E3C1F-2343-473A-827D-9E743A2269AF}.Debug|Any CPU.Build.0 = Debug|Any CPU
		{515E3C1F-2343-473A-827D-9E743A2269AF}.Release|Any CPU.ActiveCfg = Release|Any CPU
		{515E3C1F-2343-473A-827D-9E743A2269AF}.Release|Any CPU.Build.0 = Release|Any CPU
		{2B0E4BAD-7158-4528-AD34-59CC2C109EE0}.Debug|Any CPU.ActiveCfg = Debug|Any CPU
		{2B0E4BAD-7158-4528-AD34-59CC2C109EE0}.Debug|Any CPU.Build.0 = Debug|Any CPU
		{2B0E4BAD-7158-4528-AD34-59CC2C109EE0}.Release|Any CPU.ActiveCfg = Release|Any CPU
		{2B0E4BAD-7158-4528-AD34-59CC2C109EE0}.Release|Any CPU.Build.0 = Release|Any CPU
		{2945EA1A-7F71-4859-8A45-0DA2D2EDFB8A}.Debug|Any CPU.ActiveCfg = Debug|Any CPU
		{2945EA1A-7F71-4859-8A45-0DA2D2EDFB8A}.Debug|Any CPU.Build.0 = Debug|Any CPU
		{2945EA1A-7F71-4859-8A45-0DA2D2EDFB8A}.Release|Any CPU.ActiveCfg = Release|Any CPU
		{2945EA1A-7F71-4859-8A45-0DA2D2EDFB8A}.Release|Any CPU.Build.0 = Release|Any CPU
	EndGlobalSection
	GlobalSection(SolutionProperties) = preSolution
		HideSolutionNode = FALSE
	EndGlobalSection
	GlobalSection(NestedProjects) = preSolution
		{2B0E4BAD-7158-4528-AD34-59CC2C109EE0} = {A162F443-A3A8-46BA-92D0-09FF48005C30}
		{2945EA1A-7F71-4859-8A45-0DA2D2EDFB8A} = {A162F443-A3A8-46BA-92D0-09FF48005C30}
		{8069FC89-87EB-4849-AA1E-2679D660A165} = {ABBE39B0-B3C2-4EF8-AE28-852623FB891C}
		{515E3C1F-2343-473A-827D-9E743A2269AF} = {ABBE39B0-B3C2-4EF8-AE28-852623FB891C}
	EndGlobalSection
EndGlobal
